{
  "name": "my-project",
  "version": "1.0.0",
  "lockfileVersion": 3,
  "requires": true,
  "packages": {
    "": {
      "name": "my-project",
      "version": "1.0.0",
      "license": "ISC",
      "devDependencies": {
        "@autojs/types-pro8": "^8.8.0",
        "aigame-pro-auto-completion": "^1.0.2"
      }
    },
    "node_modules/@autojs/types-pro8": {
      "version": "8.8.0",
      "dev": true,
      "license": "UNLICENSED"
    }
  }
}
